// !$*UTF8*$!
{
	archiveVersion = 1;
	classes = {
	};
	objectVersion = 50;
	objects = {

/* Begin PBXBuildFile section */
		1513FA6422E3C00000DAADC4 /* Chef.swift in Sources */ = {isa = PBXBuildFile; fileRef = 1513FA6322E3C00000DAADC4 /* Chef.swift */; };
		1513FA6622E3C00A00DAADC4 /* Customer.swift in Sources */ = {isa = PBXBuildFile; fileRef = 1513FA6522E3C00A00DAADC4 /* Customer.swift */; };
		1513FA6822E3C94000DAADC4 /* KitchenInformation.swift in Sources */ = {isa = PBXBuildFile; fileRef = 1513FA6722E3C93F00DAADC4 /* KitchenInformation.swift */; };
		1513FA6A22E3C94200DAADC4 /* AccountInfo.swift in Sources */ = {isa = PBXBuildFile; fileRef = 1513FA6922E3C94200DAADC4 /* AccountInfo.swift */; };
		1513FA6C22E41D9600DAADC4 /* AlertService.swift in Sources */ = {isa = PBXBuildFile; fileRef = 1513FA6B22E41D9600DAADC4 /* AlertService.swift */; };
		1532330822CBD3F9006FA824 /* AppDelegate.swift in Sources */ = {isa = PBXBuildFile; fileRef = 1532330722CBD3F9006FA824 /* AppDelegate.swift */; };
		1532330A22CBD3F9006FA824 /* TestViewController.swift in Sources */ = {isa = PBXBuildFile; fileRef = 1532330922CBD3F9006FA824 /* TestViewController.swift */; };
		1532330D22CBD3F9006FA824 /* Main.storyboard in Resources */ = {isa = PBXBuildFile; fileRef = 1532330B22CBD3F9006FA824 /* Main.storyboard */; };
		1532330F22CBD3FB006FA824 /* Assets.xcassets in Resources */ = {isa = PBXBuildFile; fileRef = 1532330E22CBD3FB006FA824 /* Assets.xcassets */; };
		1532331222CBD3FB006FA824 /* LaunchScreen.storyboard in Resources */ = {isa = PBXBuildFile; fileRef = 1532331022CBD3FB006FA824 /* LaunchScreen.storyboard */; };
		153AFAD822F8DB80008AA86A /* CustomerTabBarController.swift in Sources */ = {isa = PBXBuildFile; fileRef = 153AFAD722F8DB80008AA86A /* CustomerTabBarController.swift */; };
		153AFADA22F8DB90008AA86A /* ChefTabBarController.swift in Sources */ = {isa = PBXBuildFile; fileRef = 153AFAD922F8DB90008AA86A /* ChefTabBarController.swift */; };
		153AFADE22FB27DE008AA86A /* SocialAccount.swift in Sources */ = {isa = PBXBuildFile; fileRef = 153AFADD22FB27DE008AA86A /* SocialAccount.swift */; };
		153AFAE022FB7F10008AA86A /* Meal.swift in Sources */ = {isa = PBXBuildFile; fileRef = 153AFADF22FB7F10008AA86A /* Meal.swift */; };
		153AFAE222FB7F9D008AA86A /* Ingredient.swift in Sources */ = {isa = PBXBuildFile; fileRef = 153AFAE122FB7F9D008AA86A /* Ingredient.swift */; };
		153AFAE422FCB5B3008AA86A /* MealPreparationVC.swift in Sources */ = {isa = PBXBuildFile; fileRef = 153AFAE322FCB5B3008AA86A /* MealPreparationVC.swift */; };
		153AFAE622FEEF34008AA86A /* Comment.swift in Sources */ = {isa = PBXBuildFile; fileRef = 153AFAE522FEEF34008AA86A /* Comment.swift */; };
		153AFAE823007503008AA86A /* MenuVC.swift in Sources */ = {isa = PBXBuildFile; fileRef = 153AFAE723007503008AA86A /* MenuVC.swift */; };
		153AFAEA23007A89008AA86A /* IngredientsTableViewCell.swift in Sources */ = {isa = PBXBuildFile; fileRef = 153AFAE923007A89008AA86A /* IngredientsTableViewCell.swift */; };
		1543DF7F22F0B9CE008A80EF /* CustomerSignUpVC.swift in Sources */ = {isa = PBXBuildFile; fileRef = 1543DF7E22F0B9CE008A80EF /* CustomerSignUpVC.swift */; };
		158A867122D3093E002D3C6C /* fa-regular-400.ttf in Resources */ = {isa = PBXBuildFile; fileRef = 158A866E22D3093E002D3C6C /* fa-regular-400.ttf */; };
		158A867222D3093E002D3C6C /* fa-solid-900.ttf in Resources */ = {isa = PBXBuildFile; fileRef = 158A866F22D3093E002D3C6C /* fa-solid-900.ttf */; };
		158A867322D3093E002D3C6C /* fa-brands-400.ttf in Resources */ = {isa = PBXBuildFile; fileRef = 158A867022D3093E002D3C6C /* fa-brands-400.ttf */; };
		158A867622D30F3F002D3C6C /* InfoPlist.strings in Resources */ = {isa = PBXBuildFile; fileRef = 158A867822D30F3F002D3C6C /* InfoPlist.strings */; };
		158A867E22D31026002D3C6C /* Localizable.strings in Resources */ = {isa = PBXBuildFile; fileRef = 158A868022D31026002D3C6C /* Localizable.strings */; };
		158A869122D5ADBB002D3C6C /* Extension-UIView.swift in Sources */ = {isa = PBXBuildFile; fileRef = 158A868322D5ADBA002D3C6C /* Extension-UIView.swift */; };
		158A869222D5ADBB002D3C6C /* Extension-String.swift in Sources */ = {isa = PBXBuildFile; fileRef = 158A868422D5ADBA002D3C6C /* Extension-String.swift */; };
		158A869322D5ADBB002D3C6C /* AppStoreReviewHelper.swift in Sources */ = {isa = PBXBuildFile; fileRef = 158A868522D5ADBB002D3C6C /* AppStoreReviewHelper.swift */; };
		158A869422D5ADBB002D3C6C /* DeviceAndAppInfo.swift in Sources */ = {isa = PBXBuildFile; fileRef = 158A868622D5ADBB002D3C6C /* DeviceAndAppInfo.swift */; };
		158A869522D5ADBB002D3C6C /* Reachability.swift in Sources */ = {isa = PBXBuildFile; fileRef = 158A868722D5ADBB002D3C6C /* Reachability.swift */; };
		158A869622D5ADBB002D3C6C /* Extension-Array.swift in Sources */ = {isa = PBXBuildFile; fileRef = 158A868822D5ADBB002D3C6C /* Extension-Array.swift */; };
		158A869722D5ADBB002D3C6C /* AppConstants.swift in Sources */ = {isa = PBXBuildFile; fileRef = 158A868922D5ADBB002D3C6C /* AppConstants.swift */; };
		158A869822D5ADBB002D3C6C /* Extension-UIImageView.swift in Sources */ = {isa = PBXBuildFile; fileRef = 158A868A22D5ADBB002D3C6C /* Extension-UIImageView.swift */; };
		158A869922D5ADBB002D3C6C /* Protocols.swift in Sources */ = {isa = PBXBuildFile; fileRef = 158A868B22D5ADBB002D3C6C /* Protocols.swift */; };
		158A869A22D5ADBB002D3C6C /* ChooseEmailActionSheetPresenter.swift in Sources */ = {isa = PBXBuildFile; fileRef = 158A868C22D5ADBB002D3C6C /* ChooseEmailActionSheetPresenter.swift */; };
		158A869B22D5ADBB002D3C6C /* Extension-Date.swift in Sources */ = {isa = PBXBuildFile; fileRef = 158A868D22D5ADBB002D3C6C /* Extension-Date.swift */; };
		158A869C22D5ADBB002D3C6C /* Extension-Gif+Image.swift in Sources */ = {isa = PBXBuildFile; fileRef = 158A868E22D5ADBB002D3C6C /* Extension-Gif+Image.swift */; };
		158A869D22D5ADBB002D3C6C /* Extension-UIWindow.swift in Sources */ = {isa = PBXBuildFile; fileRef = 158A868F22D5ADBB002D3C6C /* Extension-UIWindow.swift */; };
		158A869E22D5ADBB002D3C6C /* Extension-UITableView.swift in Sources */ = {isa = PBXBuildFile; fileRef = 158A869022D5ADBB002D3C6C /* Extension-UITableView.swift */; };
		158A86A722D5B4E0002D3C6C /* ErrorTableViewCell.swift in Sources */ = {isa = PBXBuildFile; fileRef = 158A86A022D5B4E0002D3C6C /* ErrorTableViewCell.swift */; };
		158A86A822D5B4E0002D3C6C /* loadingBalls.gif in Resources */ = {isa = PBXBuildFile; fileRef = 158A86A222D5B4E0002D3C6C /* loadingBalls.gif */; };
		158A86A922D5B4E0002D3C6C /* LabelWithPadding.swift in Sources */ = {isa = PBXBuildFile; fileRef = 158A86A322D5B4E0002D3C6C /* LabelWithPadding.swift */; };
		158A86AA22D5B4E0002D3C6C /* AppIcons.swift in Sources */ = {isa = PBXBuildFile; fileRef = 158A86A422D5B4E0002D3C6C /* AppIcons.swift */; };
		158A86AB22D5B4E0002D3C6C /* ErrorCollectionViewCell.swift in Sources */ = {isa = PBXBuildFile; fileRef = 158A86A522D5B4E0002D3C6C /* ErrorCollectionViewCell.swift */; };
		158A86AC22D5B4E0002D3C6C /* AppColors.swift in Sources */ = {isa = PBXBuildFile; fileRef = 158A86A622D5B4E0002D3C6C /* AppColors.swift */; };
		158A86AE22DA5FAF002D3C6C /* Extension-UILabel.swift in Sources */ = {isa = PBXBuildFile; fileRef = 158A86AD22DA5FAF002D3C6C /* Extension-UILabel.swift */; };
		158A86B322DB1084002D3C6C /* DeepLinkManager.swift in Sources */ = {isa = PBXBuildFile; fileRef = 158A86B222DB1084002D3C6C /* DeepLinkManager.swift */; };
		158A86B822DB351D002D3C6C /* GoogleService-Info.plist in Resources */ = {isa = PBXBuildFile; fileRef = 158A86B722DB351C002D3C6C /* GoogleService-Info.plist */; };
		158A86BA22DB9C79002D3C6C /* DeepLinkNavigator.swift in Sources */ = {isa = PBXBuildFile; fileRef = 158A86B922DB9C79002D3C6C /* DeepLinkNavigator.swift */; };
		158A86BD22DBA163002D3C6C /* ShortcutParser.swift in Sources */ = {isa = PBXBuildFile; fileRef = 158A86BC22DBA163002D3C6C /* ShortcutParser.swift */; };
		158A86BF22DBB3BF002D3C6C /* DeepLinkParser.swift in Sources */ = {isa = PBXBuildFile; fileRef = 158A86BE22DBB3BF002D3C6C /* DeepLinkParser.swift */; };
		158A86C122DBB9EB002D3C6C /* NotificationParser.swift in Sources */ = {isa = PBXBuildFile; fileRef = 158A86C022DBB9EB002D3C6C /* NotificationParser.swift */; };
		15CD9D3722DCF5A30031F4F2 /* MainNavigationController.swift in Sources */ = {isa = PBXBuildFile; fileRef = 15CD9D3622DCF5A30031F4F2 /* MainNavigationController.swift */; };
		15CD9D3922DCF6F80031F4F2 /* ActivityVC.swift in Sources */ = {isa = PBXBuildFile; fileRef = 15CD9D3822DCF6F80031F4F2 /* ActivityVC.swift */; };
		15CD9D3C22DD10050031F4F2 /* PaddingLabel.swift in Sources */ = {isa = PBXBuildFile; fileRef = 15CD9D3A22DD10050031F4F2 /* PaddingLabel.swift */; };
		15CD9D3D22DD10050031F4F2 /* PaddingTextField.swift in Sources */ = {isa = PBXBuildFile; fileRef = 15CD9D3B22DD10050031F4F2 /* PaddingTextField.swift */; };
		15CD9D3F22DD24BC0031F4F2 /* ImageButton.swift in Sources */ = {isa = PBXBuildFile; fileRef = 15CD9D3E22DD24BC0031F4F2 /* ImageButton.swift */; };
		15CD9D4122DD30B30031F4F2 /* Extension-UIButton.swift in Sources */ = {isa = PBXBuildFile; fileRef = 15CD9D4022DD30B30031F4F2 /* Extension-UIButton.swift */; };
		15CD9D4322E324080031F4F2 /* Extension-UIColor.swift in Sources */ = {isa = PBXBuildFile; fileRef = 15CD9D4222E324080031F4F2 /* Extension-UIColor.swift */; };
		15CD9D4522E32ECA0031F4F2 /* SignUpOptionsBackgroundView.swift in Sources */ = {isa = PBXBuildFile; fileRef = 15CD9D4422E32ECA0031F4F2 /* SignUpOptionsBackgroundView.swift */; };
		15CD9D4722E3828B0031F4F2 /* ChefSignUpVC.swift in Sources */ = {isa = PBXBuildFile; fileRef = 15CD9D4622E3828B0031F4F2 /* ChefSignUpVC.swift */; };
		15CD9D4B22E393A30031F4F2 /* Extension-UIViewController.swift in Sources */ = {isa = PBXBuildFile; fileRef = 15CD9D4A22E393A30031F4F2 /* Extension-UIViewController.swift */; };
		15EED37C22F75130002D937B /* KitchenLocationPickerVC.swift in Sources */ = {isa = PBXBuildFile; fileRef = 15EED37B22F75130002D937B /* KitchenLocationPickerVC.swift */; };
		15EED37E22F7517B002D937B /* LocationSearchTVC.swift in Sources */ = {isa = PBXBuildFile; fileRef = 15EED37D22F7517B002D937B /* LocationSearchTVC.swift */; };
		15EED38022F767BD002D937B /* BaseVC.swift in Sources */ = {isa = PBXBuildFile; fileRef = 15EED37F22F767BD002D937B /* BaseVC.swift */; };
		15F7D75622DC8691001DF7B1 /* RootViewController.swift in Sources */ = {isa = PBXBuildFile; fileRef = 15F7D75522DC8691001DF7B1 /* RootViewController.swift */; };
		15F7D75822DC8775001DF7B1 /* LoginVC.swift in Sources */ = {isa = PBXBuildFile; fileRef = 15F7D75722DC8775001DF7B1 /* LoginVC.swift */; };
		15F7D75A22DC8783001DF7B1 /* MainVC.swift in Sources */ = {isa = PBXBuildFile; fileRef = 15F7D75922DC8783001DF7B1 /* MainVC.swift */; };
		15F7D75C22DC8C72001DF7B1 /* NetworkManager.swift in Sources */ = {isa = PBXBuildFile; fileRef = 15F7D75B22DC8C72001DF7B1 /* NetworkManager.swift */; };
		15F7D75E22DCEBEE001DF7B1 /* SplashVC.swift in Sources */ = {isa = PBXBuildFile; fileRef = 15F7D75D22DCEBEE001DF7B1 /* SplashVC.swift */; };
		236642D1E05BD653FEEEE6F0 /* Pods_HomeMeal.framework in Frameworks */ = {isa = PBXBuildFile; fileRef = 2292E495DF951F8055F3D92F /* Pods_HomeMeal.framework */; };
/* End PBXBuildFile section */

/* Begin PBXFileReference section */
		011F3899FD613E3B2CB3FFD7 /* Pods-HomeMeal.release.xcconfig */ = {isa = PBXFileReference; includeInIndex = 1; lastKnownFileType = text.xcconfig; name = "Pods-HomeMeal.release.xcconfig"; path = "Pods/Target Support Files/Pods-HomeMeal/Pods-HomeMeal.release.xcconfig"; sourceTree = "<group>"; };
		1513FA6322E3C00000DAADC4 /* Chef.swift */ = {isa = PBXFileReference; lastKnownFileType = sourcecode.swift; path = Chef.swift; sourceTree = "<group>"; };
		1513FA6522E3C00A00DAADC4 /* Customer.swift */ = {isa = PBXFileReference; lastKnownFileType = sourcecode.swift; path = Customer.swift; sourceTree = "<group>"; };
		1513FA6722E3C93F00DAADC4 /* KitchenInformation.swift */ = {isa = PBXFileReference; lastKnownFileType = sourcecode.swift; path = KitchenInformation.swift; sourceTree = "<group>"; };
		1513FA6922E3C94200DAADC4 /* AccountInfo.swift */ = {isa = PBXFileReference; lastKnownFileType = sourcecode.swift; path = AccountInfo.swift; sourceTree = "<group>"; };
		1513FA6B22E41D9600DAADC4 /* AlertService.swift */ = {isa = PBXFileReference; lastKnownFileType = sourcecode.swift; path = AlertService.swift; sourceTree = "<group>"; };
		1532330422CBD3F9006FA824 /* HomeMeal.app */ = {isa = PBXFileReference; explicitFileType = wrapper.application; includeInIndex = 0; path = HomeMeal.app; sourceTree = BUILT_PRODUCTS_DIR; };
		1532330722CBD3F9006FA824 /* AppDelegate.swift */ = {isa = PBXFileReference; lastKnownFileType = sourcecode.swift; path = AppDelegate.swift; sourceTree = "<group>"; };
		1532330922CBD3F9006FA824 /* TestViewController.swift */ = {isa = PBXFileReference; lastKnownFileType = sourcecode.swift; path = TestViewController.swift; sourceTree = "<group>"; };
		1532330C22CBD3F9006FA824 /* Base */ = {isa = PBXFileReference; lastKnownFileType = file.storyboard; name = Base; path = Base.lproj/Main.storyboard; sourceTree = "<group>"; };
		1532330E22CBD3FB006FA824 /* Assets.xcassets */ = {isa = PBXFileReference; lastKnownFileType = folder.assetcatalog; path = Assets.xcassets; sourceTree = "<group>"; };
		1532331122CBD3FB006FA824 /* Base */ = {isa = PBXFileReference; lastKnownFileType = file.storyboard; name = Base; path = Base.lproj/LaunchScreen.storyboard; sourceTree = "<group>"; };
		1532331922CBD4FC006FA824 /* HomeMeal.entitlements */ = {isa = PBXFileReference; lastKnownFileType = text.plist.entitlements; path = HomeMeal.entitlements; sourceTree = "<group>"; };
		1532331C22CBD66D006FA824 /* Info.plist */ = {isa = PBXFileReference; fileEncoding = 4; lastKnownFileType = text.plist.xml; path = Info.plist; sourceTree = "<group>"; };
		153AFAD722F8DB80008AA86A /* CustomerTabBarController.swift */ = {isa = PBXFileReference; lastKnownFileType = sourcecode.swift; path = CustomerTabBarController.swift; sourceTree = "<group>"; };
		153AFAD922F8DB90008AA86A /* ChefTabBarController.swift */ = {isa = PBXFileReference; lastKnownFileType = sourcecode.swift; path = ChefTabBarController.swift; sourceTree = "<group>"; };
		153AFADD22FB27DE008AA86A /* SocialAccount.swift */ = {isa = PBXFileReference; lastKnownFileType = sourcecode.swift; path = SocialAccount.swift; sourceTree = "<group>"; };
		153AFADF22FB7F10008AA86A /* Meal.swift */ = {isa = PBXFileReference; lastKnownFileType = sourcecode.swift; path = Meal.swift; sourceTree = "<group>"; };
		153AFAE122FB7F9D008AA86A /* Ingredient.swift */ = {isa = PBXFileReference; lastKnownFileType = sourcecode.swift; path = Ingredient.swift; sourceTree = "<group>"; };
		153AFAE322FCB5B3008AA86A /* MealPreparationVC.swift */ = {isa = PBXFileReference; lastKnownFileType = sourcecode.swift; path = MealPreparationVC.swift; sourceTree = "<group>"; };
		153AFAE522FEEF34008AA86A /* Comment.swift */ = {isa = PBXFileReference; lastKnownFileType = sourcecode.swift; path = Comment.swift; sourceTree = "<group>"; };
		153AFAE723007503008AA86A /* MenuVC.swift */ = {isa = PBXFileReference; lastKnownFileType = sourcecode.swift; path = MenuVC.swift; sourceTree = "<group>"; };
		153AFAE923007A89008AA86A /* IngredientsTableViewCell.swift */ = {isa = PBXFileReference; lastKnownFileType = sourcecode.swift; path = IngredientsTableViewCell.swift; sourceTree = "<group>"; };
		1543DF7E22F0B9CE008A80EF /* CustomerSignUpVC.swift */ = {isa = PBXFileReference; lastKnownFileType = sourcecode.swift; path = CustomerSignUpVC.swift; sourceTree = "<group>"; };
		158A866E22D3093E002D3C6C /* fa-regular-400.ttf */ = {isa = PBXFileReference; lastKnownFileType = file; path = "fa-regular-400.ttf"; sourceTree = "<group>"; };
		158A866F22D3093E002D3C6C /* fa-solid-900.ttf */ = {isa = PBXFileReference; lastKnownFileType = file; path = "fa-solid-900.ttf"; sourceTree = "<group>"; };
		158A867022D3093E002D3C6C /* fa-brands-400.ttf */ = {isa = PBXFileReference; lastKnownFileType = file; path = "fa-brands-400.ttf"; sourceTree = "<group>"; };
		158A867722D30F3F002D3C6C /* en */ = {isa = PBXFileReference; lastKnownFileType = text.plist.strings; name = en; path = en.lproj/InfoPlist.strings; sourceTree = "<group>"; };
		158A867B22D3100F002D3C6C /* tr */ = {isa = PBXFileReference; lastKnownFileType = text.plist.strings; name = tr; path = tr.lproj/Main.strings; sourceTree = "<group>"; };
		158A867C22D31010002D3C6C /* tr */ = {isa = PBXFileReference; lastKnownFileType = text.plist.strings; name = tr; path = tr.lproj/LaunchScreen.strings; sourceTree = "<group>"; };
		158A867D22D31010002D3C6C /* tr */ = {isa = PBXFileReference; lastKnownFileType = text.plist.strings; name = tr; path = tr.lproj/InfoPlist.strings; sourceTree = "<group>"; };
		158A867F22D31026002D3C6C /* tr */ = {isa = PBXFileReference; lastKnownFileType = text.plist.strings; name = tr; path = tr.lproj/Localizable.strings; sourceTree = "<group>"; };
		158A868122D3102A002D3C6C /* en */ = {isa = PBXFileReference; lastKnownFileType = text.plist.strings; name = en; path = en.lproj/Localizable.strings; sourceTree = "<group>"; };
		158A868322D5ADBA002D3C6C /* Extension-UIView.swift */ = {isa = PBXFileReference; fileEncoding = 4; lastKnownFileType = sourcecode.swift; path = "Extension-UIView.swift"; sourceTree = "<group>"; };
		158A868422D5ADBA002D3C6C /* Extension-String.swift */ = {isa = PBXFileReference; fileEncoding = 4; lastKnownFileType = sourcecode.swift; path = "Extension-String.swift"; sourceTree = "<group>"; };
		158A868522D5ADBB002D3C6C /* AppStoreReviewHelper.swift */ = {isa = PBXFileReference; fileEncoding = 4; lastKnownFileType = sourcecode.swift; path = AppStoreReviewHelper.swift; sourceTree = "<group>"; };
		158A868622D5ADBB002D3C6C /* DeviceAndAppInfo.swift */ = {isa = PBXFileReference; fileEncoding = 4; lastKnownFileType = sourcecode.swift; path = DeviceAndAppInfo.swift; sourceTree = "<group>"; };
		158A868722D5ADBB002D3C6C /* Reachability.swift */ = {isa = PBXFileReference; fileEncoding = 4; lastKnownFileType = sourcecode.swift; path = Reachability.swift; sourceTree = "<group>"; };
		158A868822D5ADBB002D3C6C /* Extension-Array.swift */ = {isa = PBXFileReference; fileEncoding = 4; lastKnownFileType = sourcecode.swift; path = "Extension-Array.swift"; sourceTree = "<group>"; };
		158A868922D5ADBB002D3C6C /* AppConstants.swift */ = {isa = PBXFileReference; fileEncoding = 4; lastKnownFileType = sourcecode.swift; path = AppConstants.swift; sourceTree = "<group>"; };
		158A868A22D5ADBB002D3C6C /* Extension-UIImageView.swift */ = {isa = PBXFileReference; fileEncoding = 4; lastKnownFileType = sourcecode.swift; path = "Extension-UIImageView.swift"; sourceTree = "<group>"; };
		158A868B22D5ADBB002D3C6C /* Protocols.swift */ = {isa = PBXFileReference; fileEncoding = 4; lastKnownFileType = sourcecode.swift; path = Protocols.swift; sourceTree = "<group>"; };
		158A868C22D5ADBB002D3C6C /* ChooseEmailActionSheetPresenter.swift */ = {isa = PBXFileReference; fileEncoding = 4; lastKnownFileType = sourcecode.swift; path = ChooseEmailActionSheetPresenter.swift; sourceTree = "<group>"; };
		158A868D22D5ADBB002D3C6C /* Extension-Date.swift */ = {isa = PBXFileReference; fileEncoding = 4; lastKnownFileType = sourcecode.swift; path = "Extension-Date.swift"; sourceTree = "<group>"; };
		158A868E22D5ADBB002D3C6C /* Extension-Gif+Image.swift */ = {isa = PBXFileReference; fileEncoding = 4; lastKnownFileType = sourcecode.swift; path = "Extension-Gif+Image.swift"; sourceTree = "<group>"; };
		158A868F22D5ADBB002D3C6C /* Extension-UIWindow.swift */ = {isa = PBXFileReference; fileEncoding = 4; lastKnownFileType = sourcecode.swift; path = "Extension-UIWindow.swift"; sourceTree = "<group>"; };
		158A869022D5ADBB002D3C6C /* Extension-UITableView.swift */ = {isa = PBXFileReference; fileEncoding = 4; lastKnownFileType = sourcecode.swift; path = "Extension-UITableView.swift"; sourceTree = "<group>"; };
		158A86A022D5B4E0002D3C6C /* ErrorTableViewCell.swift */ = {isa = PBXFileReference; fileEncoding = 4; lastKnownFileType = sourcecode.swift; path = ErrorTableViewCell.swift; sourceTree = "<group>"; };
		158A86A222D5B4E0002D3C6C /* loadingBalls.gif */ = {isa = PBXFileReference; lastKnownFileType = image.gif; path = loadingBalls.gif; sourceTree = "<group>"; };
		158A86A322D5B4E0002D3C6C /* LabelWithPadding.swift */ = {isa = PBXFileReference; fileEncoding = 4; lastKnownFileType = sourcecode.swift; path = LabelWithPadding.swift; sourceTree = "<group>"; };
		158A86A422D5B4E0002D3C6C /* AppIcons.swift */ = {isa = PBXFileReference; fileEncoding = 4; lastKnownFileType = sourcecode.swift; path = AppIcons.swift; sourceTree = "<group>"; };
		158A86A522D5B4E0002D3C6C /* ErrorCollectionViewCell.swift */ = {isa = PBXFileReference; fileEncoding = 4; lastKnownFileType = sourcecode.swift; path = ErrorCollectionViewCell.swift; sourceTree = "<group>"; };
		158A86A622D5B4E0002D3C6C /* AppColors.swift */ = {isa = PBXFileReference; fileEncoding = 4; lastKnownFileType = sourcecode.swift; path = AppColors.swift; sourceTree = "<group>"; };
		158A86AD22DA5FAF002D3C6C /* Extension-UILabel.swift */ = {isa = PBXFileReference; lastKnownFileType = sourcecode.swift; path = "Extension-UILabel.swift"; sourceTree = "<group>"; };
		158A86B222DB1084002D3C6C /* DeepLinkManager.swift */ = {isa = PBXFileReference; lastKnownFileType = sourcecode.swift; path = DeepLinkManager.swift; sourceTree = "<group>"; };
		158A86B722DB351C002D3C6C /* GoogleService-Info.plist */ = {isa = PBXFileReference; fileEncoding = 4; lastKnownFileType = text.plist.xml; path = "GoogleService-Info.plist"; sourceTree = "<group>"; };
		158A86B922DB9C79002D3C6C /* DeepLinkNavigator.swift */ = {isa = PBXFileReference; lastKnownFileType = sourcecode.swift; path = DeepLinkNavigator.swift; sourceTree = "<group>"; };
		158A86BC22DBA163002D3C6C /* ShortcutParser.swift */ = {isa = PBXFileReference; lastKnownFileType = sourcecode.swift; path = ShortcutParser.swift; sourceTree = "<group>"; };
		158A86BE22DBB3BF002D3C6C /* DeepLinkParser.swift */ = {isa = PBXFileReference; lastKnownFileType = sourcecode.swift; path = DeepLinkParser.swift; sourceTree = "<group>"; };
		158A86C022DBB9EB002D3C6C /* NotificationParser.swift */ = {isa = PBXFileReference; lastKnownFileType = sourcecode.swift; path = NotificationParser.swift; sourceTree = "<group>"; };
		15CD9D3622DCF5A30031F4F2 /* MainNavigationController.swift */ = {isa = PBXFileReference; lastKnownFileType = sourcecode.swift; path = MainNavigationController.swift; sourceTree = "<group>"; };
		15CD9D3822DCF6F80031F4F2 /* ActivityVC.swift */ = {isa = PBXFileReference; lastKnownFileType = sourcecode.swift; path = ActivityVC.swift; sourceTree = "<group>"; };
		15CD9D3A22DD10050031F4F2 /* PaddingLabel.swift */ = {isa = PBXFileReference; fileEncoding = 4; lastKnownFileType = sourcecode.swift; path = PaddingLabel.swift; sourceTree = "<group>"; };
		15CD9D3B22DD10050031F4F2 /* PaddingTextField.swift */ = {isa = PBXFileReference; fileEncoding = 4; lastKnownFileType = sourcecode.swift; path = PaddingTextField.swift; sourceTree = "<group>"; };
		15CD9D3E22DD24BC0031F4F2 /* ImageButton.swift */ = {isa = PBXFileReference; lastKnownFileType = sourcecode.swift; path = ImageButton.swift; sourceTree = "<group>"; };
		15CD9D4022DD30B30031F4F2 /* Extension-UIButton.swift */ = {isa = PBXFileReference; fileEncoding = 4; lastKnownFileType = sourcecode.swift; path = "Extension-UIButton.swift"; sourceTree = "<group>"; };
		15CD9D4222E324080031F4F2 /* Extension-UIColor.swift */ = {isa = PBXFileReference; lastKnownFileType = sourcecode.swift; path = "Extension-UIColor.swift"; sourceTree = "<group>"; };
		15CD9D4422E32ECA0031F4F2 /* SignUpOptionsBackgroundView.swift */ = {isa = PBXFileReference; lastKnownFileType = sourcecode.swift; path = SignUpOptionsBackgroundView.swift; sourceTree = "<group>"; };
		15CD9D4622E3828B0031F4F2 /* ChefSignUpVC.swift */ = {isa = PBXFileReference; lastKnownFileType = sourcecode.swift; path = ChefSignUpVC.swift; sourceTree = "<group>"; };
		15CD9D4A22E393A30031F4F2 /* Extension-UIViewController.swift */ = {isa = PBXFileReference; lastKnownFileType = sourcecode.swift; path = "Extension-UIViewController.swift"; sourceTree = "<group>"; };
		15EED37B22F75130002D937B /* KitchenLocationPickerVC.swift */ = {isa = PBXFileReference; lastKnownFileType = sourcecode.swift; path = KitchenLocationPickerVC.swift; sourceTree = "<group>"; };
		15EED37D22F7517B002D937B /* LocationSearchTVC.swift */ = {isa = PBXFileReference; lastKnownFileType = sourcecode.swift; path = LocationSearchTVC.swift; sourceTree = "<group>"; };
		15EED37F22F767BD002D937B /* BaseVC.swift */ = {isa = PBXFileReference; lastKnownFileType = sourcecode.swift; path = BaseVC.swift; sourceTree = "<group>"; };
		15F7D75522DC8691001DF7B1 /* RootViewController.swift */ = {isa = PBXFileReference; lastKnownFileType = sourcecode.swift; path = RootViewController.swift; sourceTree = "<group>"; };
		15F7D75722DC8775001DF7B1 /* LoginVC.swift */ = {isa = PBXFileReference; lastKnownFileType = sourcecode.swift; path = LoginVC.swift; sourceTree = "<group>"; };
		15F7D75922DC8783001DF7B1 /* MainVC.swift */ = {isa = PBXFileReference; lastKnownFileType = sourcecode.swift; path = MainVC.swift; sourceTree = "<group>"; };
		15F7D75B22DC8C72001DF7B1 /* NetworkManager.swift */ = {isa = PBXFileReference; lastKnownFileType = sourcecode.swift; path = NetworkManager.swift; sourceTree = "<group>"; };
		15F7D75D22DCEBEE001DF7B1 /* SplashVC.swift */ = {isa = PBXFileReference; fileEncoding = 4; lastKnownFileType = sourcecode.swift; path = SplashVC.swift; sourceTree = "<group>"; };
		2292E495DF951F8055F3D92F /* Pods_HomeMeal.framework */ = {isa = PBXFileReference; explicitFileType = wrapper.framework; includeInIndex = 0; path = Pods_HomeMeal.framework; sourceTree = BUILT_PRODUCTS_DIR; };
		D145FF9B35BC8921FB64F2A2 /* Pods-HomeMeal.debug.xcconfig */ = {isa = PBXFileReference; includeInIndex = 1; lastKnownFileType = text.xcconfig; name = "Pods-HomeMeal.debug.xcconfig"; path = "Pods/Target Support Files/Pods-HomeMeal/Pods-HomeMeal.debug.xcconfig"; sourceTree = "<group>"; };
/* End PBXFileReference section */

/* Begin PBXFrameworksBuildPhase section */
		1532330122CBD3F9006FA824 /* Frameworks */ = {
			isa = PBXFrameworksBuildPhase;
			buildActionMask = 2147483647;
			files = (
				236642D1E05BD653FEEEE6F0 /* Pods_HomeMeal.framework in Frameworks */,
			);
			runOnlyForDeploymentPostprocessing = 0;
		};
/* End PBXFrameworksBuildPhase section */

/* Begin PBXGroup section */
		1513FA5E22E3BF0700DAADC4 /* Models */ = {
			isa = PBXGroup;
			children = (
				1513FA6922E3C94200DAADC4 /* AccountInfo.swift */,
				1513FA6722E3C93F00DAADC4 /* KitchenInformation.swift */,
				153AFADD22FB27DE008AA86A /* SocialAccount.swift */,
				1513FA6322E3C00000DAADC4 /* Chef.swift */,
				1513FA6522E3C00A00DAADC4 /* Customer.swift */,
				153AFADF22FB7F10008AA86A /* Meal.swift */,
				153AFAE122FB7F9D008AA86A /* Ingredient.swift */,
				153AFAE522FEEF34008AA86A /* Comment.swift */,
			);
			path = Models;
			sourceTree = "<group>";
		};
		1513FA5F22E3BF3600DAADC4 /* 0.Root */ = {
			isa = PBXGroup;
			children = (
				1532330722CBD3F9006FA824 /* AppDelegate.swift */,
				15F7D75522DC8691001DF7B1 /* RootViewController.swift */,
				15CD9D3622DCF5A30031F4F2 /* MainNavigationController.swift */,
				15EED37F22F767BD002D937B /* BaseVC.swift */,
			);
			path = 0.Root;
			sourceTree = "<group>";
		};
		1513FA6022E3BF4D00DAADC4 /* 1.SignIn&SignUp */ = {
			isa = PBXGroup;
			children = (
				15F7D75D22DCEBEE001DF7B1 /* SplashVC.swift */,
				15F7D75722DC8775001DF7B1 /* LoginVC.swift */,
				15CD9D4422E32ECA0031F4F2 /* SignUpOptionsBackgroundView.swift */,
				15CD9D3E22DD24BC0031F4F2 /* ImageButton.swift */,
				1543DF7E22F0B9CE008A80EF /* CustomerSignUpVC.swift */,
				15CD9D4622E3828B0031F4F2 /* ChefSignUpVC.swift */,
				15EED37B22F75130002D937B /* KitchenLocationPickerVC.swift */,
				15EED37D22F7517B002D937B /* LocationSearchTVC.swift */,
			);
			path = "1.SignIn&SignUp";
			sourceTree = "<group>";
		};
		1513FA6122E3BF8F00DAADC4 /* Customer */ = {
			isa = PBXGroup;
			children = (
				153AFAD722F8DB80008AA86A /* CustomerTabBarController.swift */,
			);
			path = Customer;
			sourceTree = "<group>";
		};
		1513FA6222E3BFBD00DAADC4 /* Chef */ = {
			isa = PBXGroup;
			children = (
				153AFAD922F8DB90008AA86A /* ChefTabBarController.swift */,
				153AFAE322FCB5B3008AA86A /* MealPreparationVC.swift */,
				153AFAE723007503008AA86A /* MenuVC.swift */,
				153AFAE923007A89008AA86A /* IngredientsTableViewCell.swift */,
			);
			path = Chef;
			sourceTree = "<group>";
		};
		153232FB22CBD3F9006FA824 = {
			isa = PBXGroup;
			children = (
				1532330622CBD3F9006FA824 /* HomeMeal */,
				1532330522CBD3F9006FA824 /* Products */,
				473FC37157CB5355725FA7E8 /* Pods */,
				D18F6AB73C20580965BFB8AD /* Frameworks */,
			);
			sourceTree = "<group>";
		};
		1532330522CBD3F9006FA824 /* Products */ = {
			isa = PBXGroup;
			children = (
				1532330422CBD3F9006FA824 /* HomeMeal.app */,
			);
			name = Products;
			sourceTree = "<group>";
		};
		1532330622CBD3F9006FA824 /* HomeMeal */ = {
			isa = PBXGroup;
			children = (
				1532331922CBD4FC006FA824 /* HomeMeal.entitlements */,
				1532331C22CBD66D006FA824 /* Info.plist */,
				158A86B722DB351C002D3C6C /* GoogleService-Info.plist */,
				158A866C22D3088A002D3C6C /* LocalizableStrings */,
				158A869F22D5B3CC002D3C6C /* Design */,
				158A868222D5AD36002D3C6C /* Extensions-Helpers */,
				158A86BB22DB9F84002D3C6C /* DeepLinkManagement */,
				1513FA5E22E3BF0700DAADC4 /* Models */,
				1513FA5F22E3BF3600DAADC4 /* 0.Root */,
				1513FA6022E3BF4D00DAADC4 /* 1.SignIn&SignUp */,
				1513FA6222E3BFBD00DAADC4 /* Chef */,
				1513FA6122E3BF8F00DAADC4 /* Customer */,
				15F7D75922DC8783001DF7B1 /* MainVC.swift */,
				15CD9D3822DCF6F80031F4F2 /* ActivityVC.swift */,
			);
			path = HomeMeal;
			sourceTree = "<group>";
		};
		158A866C22D3088A002D3C6C /* LocalizableStrings */ = {
			isa = PBXGroup;
			children = (
				158A867822D30F3F002D3C6C /* InfoPlist.strings */,
				158A868022D31026002D3C6C /* Localizable.strings */,
			);
			path = LocalizableStrings;
			sourceTree = "<group>";
		};
		158A866D22D308B6002D3C6C /* Fonts */ = {
			isa = PBXGroup;
			children = (
				158A867022D3093E002D3C6C /* fa-brands-400.ttf */,
				158A866E22D3093E002D3C6C /* fa-regular-400.ttf */,
				158A866F22D3093E002D3C6C /* fa-solid-900.ttf */,
			);
			path = Fonts;
			sourceTree = "<group>";
		};
		158A868222D5AD36002D3C6C /* Extensions-Helpers */ = {
			isa = PBXGroup;
			children = (
				1513FA6B22E41D9600DAADC4 /* AlertService.swift */,
				158A868922D5ADBB002D3C6C /* AppConstants.swift */,
				158A868522D5ADBB002D3C6C /* AppStoreReviewHelper.swift */,
				158A868C22D5ADBB002D3C6C /* ChooseEmailActionSheetPresenter.swift */,
				158A868622D5ADBB002D3C6C /* DeviceAndAppInfo.swift */,
				158A868722D5ADBB002D3C6C /* Reachability.swift */,
				15F7D75B22DC8C72001DF7B1 /* NetworkManager.swift */,
				158A868B22D5ADBB002D3C6C /* Protocols.swift */,
				158A868822D5ADBB002D3C6C /* Extension-Array.swift */,
				158A868D22D5ADBB002D3C6C /* Extension-Date.swift */,
				158A868E22D5ADBB002D3C6C /* Extension-Gif+Image.swift */,
				158A868422D5ADBA002D3C6C /* Extension-String.swift */,
				15CD9D4022DD30B30031F4F2 /* Extension-UIButton.swift */,
				158A868A22D5ADBB002D3C6C /* Extension-UIImageView.swift */,
				158A86AD22DA5FAF002D3C6C /* Extension-UILabel.swift */,
				158A869022D5ADBB002D3C6C /* Extension-UITableView.swift */,
				158A868322D5ADBA002D3C6C /* Extension-UIView.swift */,
				158A868F22D5ADBB002D3C6C /* Extension-UIWindow.swift */,
				15CD9D4222E324080031F4F2 /* Extension-UIColor.swift */,
				15CD9D4A22E393A30031F4F2 /* Extension-UIViewController.swift */,
			);
			path = "Extensions-Helpers";
			sourceTree = "<group>";
		};
		158A869F22D5B3CC002D3C6C /* Design */ = {
			isa = PBXGroup;
			children = (
				15CD9D3A22DD10050031F4F2 /* PaddingLabel.swift */,
				15CD9D3B22DD10050031F4F2 /* PaddingTextField.swift */,
				158A86A622D5B4E0002D3C6C /* AppColors.swift */,
				158A86A422D5B4E0002D3C6C /* AppIcons.swift */,
				158A86A522D5B4E0002D3C6C /* ErrorCollectionViewCell.swift */,
				158A86A022D5B4E0002D3C6C /* ErrorTableViewCell.swift */,
				158A86A322D5B4E0002D3C6C /* LabelWithPadding.swift */,
				158A86A122D5B4E0002D3C6C /* Gifs */,
				158A866D22D308B6002D3C6C /* Fonts */,
				1532330E22CBD3FB006FA824 /* Assets.xcassets */,
				1532331022CBD3FB006FA824 /* LaunchScreen.storyboard */,
				1532330B22CBD3F9006FA824 /* Main.storyboard */,
				1532330922CBD3F9006FA824 /* TestViewController.swift */,
			);
			path = Design;
			sourceTree = "<group>";
		};
		158A86A122D5B4E0002D3C6C /* Gifs */ = {
			isa = PBXGroup;
			children = (
				158A86A222D5B4E0002D3C6C /* loadingBalls.gif */,
			);
			path = Gifs;
			sourceTree = "<group>";
		};
		158A86BB22DB9F84002D3C6C /* DeepLinkManagement */ = {
			isa = PBXGroup;
			children = (
				158A86B222DB1084002D3C6C /* DeepLinkManager.swift */,
				158A86B922DB9C79002D3C6C /* DeepLinkNavigator.swift */,
				158A86BC22DBA163002D3C6C /* ShortcutParser.swift */,
				158A86BE22DBB3BF002D3C6C /* DeepLinkParser.swift */,
				158A86C022DBB9EB002D3C6C /* NotificationParser.swift */,
			);
			path = DeepLinkManagement;
			sourceTree = "<group>";
		};
		473FC37157CB5355725FA7E8 /* Pods */ = {
			isa = PBXGroup;
			children = (
				D145FF9B35BC8921FB64F2A2 /* Pods-HomeMeal.debug.xcconfig */,
				011F3899FD613E3B2CB3FFD7 /* Pods-HomeMeal.release.xcconfig */,
			);
			name = Pods;
			sourceTree = "<group>";
		};
		D18F6AB73C20580965BFB8AD /* Frameworks */ = {
			isa = PBXGroup;
			children = (
				2292E495DF951F8055F3D92F /* Pods_HomeMeal.framework */,
			);
			name = Frameworks;
			sourceTree = "<group>";
		};
/* End PBXGroup section */

/* Begin PBXNativeTarget section */
		1532330322CBD3F9006FA824 /* HomeMeal */ = {
			isa = PBXNativeTarget;
			buildConfigurationList = 1532331622CBD3FB006FA824 /* Build configuration list for PBXNativeTarget "HomeMeal" */;
			buildPhases = (
				B8FAAC2D837287634835E0D7 /* [CP] Check Pods Manifest.lock */,
				1532330022CBD3F9006FA824 /* Sources */,
				1532330122CBD3F9006FA824 /* Frameworks */,
				1532330222CBD3F9006FA824 /* Resources */,
				D832407966C1398CC0B4A107 /* [CP] Embed Pods Frameworks */,
				158A86B422DB17B5002D3C6C /* ShellScript */,
			);
			buildRules = (
			);
			dependencies = (
			);
			name = HomeMeal;
			productName = HomeMeal;
			productReference = 1532330422CBD3F9006FA824 /* HomeMeal.app */;
			productType = "com.apple.product-type.application";
		};
/* End PBXNativeTarget section */

/* Begin PBXProject section */
		153232FC22CBD3F9006FA824 /* Project object */ = {
			isa = PBXProject;
			attributes = {
				LastSwiftUpdateCheck = 1020;
				LastUpgradeCheck = 1020;
				ORGANIZATIONNAME = "Arin Akcura";
				TargetAttributes = {
					1532330322CBD3F9006FA824 = {
						CreatedOnToolsVersion = 10.2.1;
						SystemCapabilities = {
							com.apple.BackgroundModes = {
								enabled = 1;
							};
							com.apple.Keychain = {
								enabled = 1;
							};
							com.apple.Push = {
								enabled = 1;
							};
							com.apple.iCloud = {
								enabled = 0;
							};
						};
					};
				};
			};
			buildConfigurationList = 153232FF22CBD3F9006FA824 /* Build configuration list for PBXProject "HomeMeal" */;
			compatibilityVersion = "Xcode 9.3";
			developmentRegion = en;
			hasScannedForEncodings = 0;
			knownRegions = (
				en,
				Base,
				tr,
			);
			mainGroup = 153232FB22CBD3F9006FA824;
			productRefGroup = 1532330522CBD3F9006FA824 /* Products */;
			projectDirPath = "";
			projectRoot = "";
			targets = (
				1532330322CBD3F9006FA824 /* HomeMeal */,
			);
		};
/* End PBXProject section */

/* Begin PBXResourcesBuildPhase section */
		1532330222CBD3F9006FA824 /* Resources */ = {
			isa = PBXResourcesBuildPhase;
			buildActionMask = 2147483647;
			files = (
				1532331222CBD3FB006FA824 /* LaunchScreen.storyboard in Resources */,
				158A867622D30F3F002D3C6C /* InfoPlist.strings in Resources */,
				158A86A822D5B4E0002D3C6C /* loadingBalls.gif in Resources */,
				158A867122D3093E002D3C6C /* fa-regular-400.ttf in Resources */,
				158A867E22D31026002D3C6C /* Localizable.strings in Resources */,
				158A867222D3093E002D3C6C /* fa-solid-900.ttf in Resources */,
				1532330F22CBD3FB006FA824 /* Assets.xcassets in Resources */,
				158A86B822DB351D002D3C6C /* GoogleService-Info.plist in Resources */,
				158A867322D3093E002D3C6C /* fa-brands-400.ttf in Resources */,
				1532330D22CBD3F9006FA824 /* Main.storyboard in Resources */,
			);
			runOnlyForDeploymentPostprocessing = 0;
		};
/* End PBXResourcesBuildPhase section */

/* Begin PBXShellScriptBuildPhase section */
		158A86B422DB17B5002D3C6C /* ShellScript */ = {
			isa = PBXShellScriptBuildPhase;
			buildActionMask = 2147483647;
			files = (
			);
			inputPaths = (
				"$(SRCROOT)/$(BUILT_PRODUCTS_DIR)/$(INFOPLIST_PATH)",
			);
			outputPaths = (
			);
			runOnlyForDeploymentPostprocessing = 0;
			shellPath = /bin/sh;
			shellScript = "# Type a script or drag a script file from your workspace to insert its path.\n\"${PODS_ROOT}/Fabric/run\"\n";
		};
		B8FAAC2D837287634835E0D7 /* [CP] Check Pods Manifest.lock */ = {
			isa = PBXShellScriptBuildPhase;
			buildActionMask = 2147483647;
			files = (
			);
			inputPaths = (
				"${PODS_PODFILE_DIR_PATH}/Podfile.lock",
				"${PODS_ROOT}/Manifest.lock",
			);
			name = "[CP] Check Pods Manifest.lock";
			outputPaths = (
				"$(DERIVED_FILE_DIR)/Pods-HomeMeal-checkManifestLockResult.txt",
			);
			runOnlyForDeploymentPostprocessing = 0;
			shellPath = /bin/sh;
			shellScript = "diff \"${PODS_PODFILE_DIR_PATH}/Podfile.lock\" \"${PODS_ROOT}/Manifest.lock\" > /dev/null\nif [ $? != 0 ] ; then\n    # print error to STDERR\n    echo \"error: The sandbox is not in sync with the Podfile.lock. Run 'pod install' or update your CocoaPods installation.\" >&2\n    exit 1\nfi\n# This output is used by Xcode 'outputs' to avoid re-running this script phase.\necho \"SUCCESS\" > \"${SCRIPT_OUTPUT_FILE_0}\"\n";
			showEnvVarsInLog = 0;
		};
		D832407966C1398CC0B4A107 /* [CP] Embed Pods Frameworks */ = {
			isa = PBXShellScriptBuildPhase;
			buildActionMask = 2147483647;
			files = (
			);
			inputPaths = (
				"${SRCROOT}/Pods/Target Support Files/Pods-HomeMeal/Pods-HomeMeal-frameworks.sh",
				"${BUILT_PRODUCTS_DIR}/FlagPhoneNumber/FlagPhoneNumber.framework",
				"${BUILT_PRODUCTS_DIR}/GTMSessionFetcher/GTMSessionFetcher.framework",
				"${BUILT_PRODUCTS_DIR}/GoogleUtilities/GoogleUtilities.framework",
				"${BUILT_PRODUCTS_DIR}/IQKeyboardManagerSwift/IQKeyboardManagerSwift.framework",
				"${BUILT_PRODUCTS_DIR}/Protobuf/Protobuf.framework",
				"${BUILT_PRODUCTS_DIR}/SDWebImage/SDWebImage.framework",
				"${BUILT_PRODUCTS_DIR}/Validator/Validator.framework",
				"${BUILT_PRODUCTS_DIR}/leveldb-library/leveldb.framework",
				"${BUILT_PRODUCTS_DIR}/nanopb/nanopb.framework",
			);
			name = "[CP] Embed Pods Frameworks";
			outputPaths = (
				"${TARGET_BUILD_DIR}/${FRAMEWORKS_FOLDER_PATH}/FlagPhoneNumber.framework",
				"${TARGET_BUILD_DIR}/${FRAMEWORKS_FOLDER_PATH}/GTMSessionFetcher.framework",
				"${TARGET_BUILD_DIR}/${FRAMEWORKS_FOLDER_PATH}/GoogleUtilities.framework",
				"${TARGET_BUILD_DIR}/${FRAMEWORKS_FOLDER_PATH}/IQKeyboardManagerSwift.framework",
				"${TARGET_BUILD_DIR}/${FRAMEWORKS_FOLDER_PATH}/Protobuf.framework",
				"${TARGET_BUILD_DIR}/${FRAMEWORKS_FOLDER_PATH}/SDWebImage.framework",
				"${TARGET_BUILD_DIR}/${FRAMEWORKS_FOLDER_PATH}/Validator.framework",
				"${TARGET_BUILD_DIR}/${FRAMEWORKS_FOLDER_PATH}/leveldb.framework",
				"${TARGET_BUILD_DIR}/${FRAMEWORKS_FOLDER_PATH}/nanopb.framework",
			);
			runOnlyForDeploymentPostprocessing = 0;
			shellPath = /bin/sh;
			shellScript = "\"${SRCROOT}/Pods/Target Support Files/Pods-HomeMeal/Pods-HomeMeal-frameworks.sh\"\n";
			showEnvVarsInLog = 0;
		};
/* End PBXShellScriptBuildPhase section */

/* Begin PBXSourcesBuildPhase section */
		1532330022CBD3F9006FA824 /* Sources */ = {
			isa = PBXSourcesBuildPhase;
			buildActionMask = 2147483647;
			files = (
				153AFAEA23007A89008AA86A /* IngredientsTableViewCell.swift in Sources */,
				158A869522D5ADBB002D3C6C /* Reachability.swift in Sources */,
				15EED38022F767BD002D937B /* BaseVC.swift in Sources */,
				15CD9D3C22DD10050031F4F2 /* PaddingLabel.swift in Sources */,
				15CD9D4722E3828B0031F4F2 /* ChefSignUpVC.swift in Sources */,
				1513FA6A22E3C94200DAADC4 /* AccountInfo.swift in Sources */,
				153AFAE422FCB5B3008AA86A /* MealPreparationVC.swift in Sources */,
				158A869E22D5ADBB002D3C6C /* Extension-UITableView.swift in Sources */,
				158A86BD22DBA163002D3C6C /* ShortcutParser.swift in Sources */,
				15CD9D3722DCF5A30031F4F2 /* MainNavigationController.swift in Sources */,
				1513FA6622E3C00A00DAADC4 /* Customer.swift in Sources */,
				158A86AE22DA5FAF002D3C6C /* Extension-UILabel.swift in Sources */,
				153AFAE622FEEF34008AA86A /* Comment.swift in Sources */,
				158A869722D5ADBB002D3C6C /* AppConstants.swift in Sources */,
				158A869822D5ADBB002D3C6C /* Extension-UIImageView.swift in Sources */,
				158A86C122DBB9EB002D3C6C /* NotificationParser.swift in Sources */,
				158A869B22D5ADBB002D3C6C /* Extension-Date.swift in Sources */,
				15F7D75E22DCEBEE001DF7B1 /* SplashVC.swift in Sources */,
				153AFAE823007503008AA86A /* MenuVC.swift in Sources */,
				153AFAE022FB7F10008AA86A /* Meal.swift in Sources */,
				15CD9D4B22E393A30031F4F2 /* Extension-UIViewController.swift in Sources */,
				15CD9D4122DD30B30031F4F2 /* Extension-UIButton.swift in Sources */,
				158A869922D5ADBB002D3C6C /* Protocols.swift in Sources */,
				158A86AA22D5B4E0002D3C6C /* AppIcons.swift in Sources */,
				15EED37C22F75130002D937B /* KitchenLocationPickerVC.swift in Sources */,
				15CD9D3D22DD10050031F4F2 /* PaddingTextField.swift in Sources */,
				158A86BA22DB9C79002D3C6C /* DeepLinkNavigator.swift in Sources */,
				153AFADA22F8DB90008AA86A /* ChefTabBarController.swift in Sources */,
				1513FA6422E3C00000DAADC4 /* Chef.swift in Sources */,
				153AFADE22FB27DE008AA86A /* SocialAccount.swift in Sources */,
				1513FA6C22E41D9600DAADC4 /* AlertService.swift in Sources */,
				158A869622D5ADBB002D3C6C /* Extension-Array.swift in Sources */,
				158A86BF22DBB3BF002D3C6C /* DeepLinkParser.swift in Sources */,
				15F7D75822DC8775001DF7B1 /* LoginVC.swift in Sources */,
				15F7D75A22DC8783001DF7B1 /* MainVC.swift in Sources */,
				158A869122D5ADBB002D3C6C /* Extension-UIView.swift in Sources */,
				158A869D22D5ADBB002D3C6C /* Extension-UIWindow.swift in Sources */,
				158A86A722D5B4E0002D3C6C /* ErrorTableViewCell.swift in Sources */,
				153AFAD822F8DB80008AA86A /* CustomerTabBarController.swift in Sources */,
				1532330A22CBD3F9006FA824 /* TestViewController.swift in Sources */,
				15F7D75C22DC8C72001DF7B1 /* NetworkManager.swift in Sources */,
				158A869222D5ADBB002D3C6C /* Extension-String.swift in Sources */,
				15CD9D3922DCF6F80031F4F2 /* ActivityVC.swift in Sources */,
				15CD9D4522E32ECA0031F4F2 /* SignUpOptionsBackgroundView.swift in Sources */,
				15F7D75622DC8691001DF7B1 /* RootViewController.swift in Sources */,
				158A869A22D5ADBB002D3C6C /* ChooseEmailActionSheetPresenter.swift in Sources */,
				15CD9D3F22DD24BC0031F4F2 /* ImageButton.swift in Sources */,
				15EED37E22F7517B002D937B /* LocationSearchTVC.swift in Sources */,
				153AFAE222FB7F9D008AA86A /* Ingredient.swift in Sources */,
				158A869422D5ADBB002D3C6C /* DeviceAndAppInfo.swift in Sources */,
				158A869322D5ADBB002D3C6C /* AppStoreReviewHelper.swift in Sources */,
				15CD9D4322E324080031F4F2 /* Extension-UIColor.swift in Sources */,
				158A869C22D5ADBB002D3C6C /* Extension-Gif+Image.swift in Sources */,
				158A86AB22D5B4E0002D3C6C /* ErrorCollectionViewCell.swift in Sources */,
				158A86AC22D5B4E0002D3C6C /* AppColors.swift in Sources */,
				158A86A922D5B4E0002D3C6C /* LabelWithPadding.swift in Sources */,
				1532330822CBD3F9006FA824 /* AppDelegate.swift in Sources */,
				158A86B322DB1084002D3C6C /* DeepLinkManager.swift in Sources */,
				1543DF7F22F0B9CE008A80EF /* CustomerSignUpVC.swift in Sources */,
				1513FA6822E3C94000DAADC4 /* KitchenInformation.swift in Sources */,
			);
			runOnlyForDeploymentPostprocessing = 0;
		};
/* End PBXSourcesBuildPhase section */

/* Begin PBXVariantGroup section */
		1532330B22CBD3F9006FA824 /* Main.storyboard */ = {
			isa = PBXVariantGroup;
			children = (
				1532330C22CBD3F9006FA824 /* Base */,
				158A867B22D3100F002D3C6C /* tr */,
			);
			name = Main.storyboard;
			sourceTree = "<group>";
		};
		1532331022CBD3FB006FA824 /* LaunchScreen.storyboard */ = {
			isa = PBXVariantGroup;
			children = (
				1532331122CBD3FB006FA824 /* Base */,
				158A867C22D31010002D3C6C /* tr */,
			);
			name = LaunchScreen.storyboard;
			sourceTree = "<group>";
		};
		158A867822D30F3F002D3C6C /* InfoPlist.strings */ = {
			isa = PBXVariantGroup;
			children = (
				158A867722D30F3F002D3C6C /* en */,
				158A867D22D31010002D3C6C /* tr */,
			);
			name = InfoPlist.strings;
			sourceTree = "<group>";
		};
		158A868022D31026002D3C6C /* Localizable.strings */ = {
			isa = PBXVariantGroup;
			children = (
				158A867F22D31026002D3C6C /* tr */,
				158A868122D3102A002D3C6C /* en */,
			);
			name = Localizable.strings;
			sourceTree = "<group>";
		};
/* End PBXVariantGroup section */

/* Begin XCBuildConfiguration section */
		1532331422CBD3FB006FA824 /* Debug */ = {
			isa = XCBuildConfiguration;
			buildSettings = {
				ALWAYS_SEARCH_USER_PATHS = NO;
				CLANG_ANALYZER_LOCALIZABILITY_NONLOCALIZED = YES;
				CLANG_ANALYZER_NONNULL = YES;
				CLANG_ANALYZER_NUMBER_OBJECT_CONVERSION = YES_AGGRESSIVE;
				CLANG_CXX_LANGUAGE_STANDARD = "gnu++14";
				CLANG_CXX_LIBRARY = "libc++";
				CLANG_ENABLE_MODULES = YES;
				CLANG_ENABLE_OBJC_ARC = YES;
				CLANG_ENABLE_OBJC_WEAK = YES;
				CLANG_WARN_BLOCK_CAPTURE_AUTORELEASING = YES;
				CLANG_WARN_BOOL_CONVERSION = YES;
				CLANG_WARN_COMMA = YES;
				CLANG_WARN_CONSTANT_CONVERSION = YES;
				CLANG_WARN_DEPRECATED_OBJC_IMPLEMENTATIONS = YES;
				CLANG_WARN_DIRECT_OBJC_ISA_USAGE = YES_ERROR;
				CLANG_WARN_DOCUMENTATION_COMMENTS = YES;
				CLANG_WARN_EMPTY_BODY = YES;
				CLANG_WARN_ENUM_CONVERSION = YES;
				CLANG_WARN_INFINITE_RECURSION = YES;
				CLANG_WARN_INT_CONVERSION = YES;
				CLANG_WARN_NON_LITERAL_NULL_CONVERSION = YES;
				CLANG_WARN_OBJC_IMPLICIT_RETAIN_SELF = YES;
				CLANG_WARN_OBJC_LITERAL_CONVERSION = YES;
				CLANG_WARN_OBJC_ROOT_CLASS = YES_ERROR;
				CLANG_WARN_RANGE_LOOP_ANALYSIS = YES;
				CLANG_WARN_STRICT_PROTOTYPES = YES;
				CLANG_WARN_SUSPICIOUS_MOVE = YES;
				CLANG_WARN_UNGUARDED_AVAILABILITY = YES_AGGRESSIVE;
				CLANG_WARN_UNREACHABLE_CODE = YES;
				CLANG_WARN__DUPLICATE_METHOD_MATCH = YES;
				CODE_SIGN_IDENTITY = "iPhone Developer";
				COPY_PHASE_STRIP = NO;
				DEBUG_INFORMATION_FORMAT = dwarf;
				ENABLE_STRICT_OBJC_MSGSEND = YES;
				ENABLE_TESTABILITY = YES;
				GCC_C_LANGUAGE_STANDARD = gnu11;
				GCC_DYNAMIC_NO_PIC = NO;
				GCC_NO_COMMON_BLOCKS = YES;
				GCC_OPTIMIZATION_LEVEL = 0;
				GCC_PREPROCESSOR_DEFINITIONS = (
					"DEBUG=1",
					"$(inherited)",
				);
				GCC_WARN_64_TO_32_BIT_CONVERSION = YES;
				GCC_WARN_ABOUT_RETURN_TYPE = YES_ERROR;
				GCC_WARN_UNDECLARED_SELECTOR = YES;
				GCC_WARN_UNINITIALIZED_AUTOS = YES_AGGRESSIVE;
				GCC_WARN_UNUSED_FUNCTION = YES;
				GCC_WARN_UNUSED_VARIABLE = YES;
				IPHONEOS_DEPLOYMENT_TARGET = 12.2;
				MTL_ENABLE_DEBUG_INFO = INCLUDE_SOURCE;
				MTL_FAST_MATH = YES;
				ONLY_ACTIVE_ARCH = YES;
				SDKROOT = iphoneos;
				SWIFT_ACTIVE_COMPILATION_CONDITIONS = DEBUG;
				SWIFT_OPTIMIZATION_LEVEL = "-Onone";
			};
			name = Debug;
		};
		1532331522CBD3FB006FA824 /* Release */ = {
			isa = XCBuildConfiguration;
			buildSettings = {
				ALWAYS_SEARCH_USER_PATHS = NO;
				CLANG_ANALYZER_LOCALIZABILITY_NONLOCALIZED = YES;
				CLANG_ANALYZER_NONNULL = YES;
				CLANG_ANALYZER_NUMBER_OBJECT_CONVERSION = YES_AGGRESSIVE;
				CLANG_CXX_LANGUAGE_STANDARD = "gnu++14";
				CLANG_CXX_LIBRARY = "libc++";
				CLANG_ENABLE_MODULES = YES;
				CLANG_ENABLE_OBJC_ARC = YES;
				CLANG_ENABLE_OBJC_WEAK = YES;
				CLANG_WARN_BLOCK_CAPTURE_AUTORELEASING = YES;
				CLANG_WARN_BOOL_CONVERSION = YES;
				CLANG_WARN_COMMA = YES;
				CLANG_WARN_CONSTANT_CONVERSION = YES;
				CLANG_WARN_DEPRECATED_OBJC_IMPLEMENTATIONS = YES;
				CLANG_WARN_DIRECT_OBJC_ISA_USAGE = YES_ERROR;
				CLANG_WARN_DOCUMENTATION_COMMENTS = YES;
				CLANG_WARN_EMPTY_BODY = YES;
				CLANG_WARN_ENUM_CONVERSION = YES;
				CLANG_WARN_INFINITE_RECURSION = YES;
				CLANG_WARN_INT_CONVERSION = YES;
				CLANG_WARN_NON_LITERAL_NULL_CONVERSION = YES;
				CLANG_WARN_OBJC_IMPLICIT_RETAIN_SELF = YES;
				CLANG_WARN_OBJC_LITERAL_CONVERSION = YES;
				CLANG_WARN_OBJC_ROOT_CLASS = YES_ERROR;
				CLANG_WARN_RANGE_LOOP_ANALYSIS = YES;
				CLANG_WARN_STRICT_PROTOTYPES = YES;
				CLANG_WARN_SUSPICIOUS_MOVE = YES;
				CLANG_WARN_UNGUARDED_AVAILABILITY = YES_AGGRESSIVE;
				CLANG_WARN_UNREACHABLE_CODE = YES;
				CLANG_WARN__DUPLICATE_METHOD_MATCH = YES;
				CODE_SIGN_IDENTITY = "iPhone Developer";
				COPY_PHASE_STRIP = NO;
				DEBUG_INFORMATION_FORMAT = "dwarf-with-dsym";
				ENABLE_NS_ASSERTIONS = NO;
				ENABLE_STRICT_OBJC_MSGSEND = YES;
				GCC_C_LANGUAGE_STANDARD = gnu11;
				GCC_NO_COMMON_BLOCKS = YES;
				GCC_WARN_64_TO_32_BIT_CONVERSION = YES;
				GCC_WARN_ABOUT_RETURN_TYPE = YES_ERROR;
				GCC_WARN_UNDECLARED_SELECTOR = YES;
				GCC_WARN_UNINITIALIZED_AUTOS = YES_AGGRESSIVE;
				GCC_WARN_UNUSED_FUNCTION = YES;
				GCC_WARN_UNUSED_VARIABLE = YES;
				IPHONEOS_DEPLOYMENT_TARGET = 12.2;
				MTL_ENABLE_DEBUG_INFO = NO;
				MTL_FAST_MATH = YES;
				SDKROOT = iphoneos;
				SWIFT_COMPILATION_MODE = wholemodule;
				SWIFT_OPTIMIZATION_LEVEL = "-O";
				VALIDATE_PRODUCT = YES;
			};
			name = Release;
		};
		1532331722CBD3FB006FA824 /* Debug */ = {
			isa = XCBuildConfiguration;
			baseConfigurationReference = D145FF9B35BC8921FB64F2A2 /* Pods-HomeMeal.debug.xcconfig */;
			buildSettings = {
				ASSETCATALOG_COMPILER_APPICON_NAME = AppIcon;
				CODE_SIGN_ENTITLEMENTS = HomeMeal/HomeMeal.entitlements;
				CODE_SIGN_STYLE = Automatic;
				DEBUG_INFORMATION_FORMAT = "dwarf-with-dsym";
				DEVELOPMENT_TEAM = 3WTKT6YPLW;
				INFOPLIST_FILE = HomeMeal/Info.plist;
				IPHONEOS_DEPLOYMENT_TARGET = 11.0;
				LD_RUNPATH_SEARCH_PATHS = (
					"$(inherited)",
					"@executable_path/Frameworks",
				);
				PRODUCT_BUNDLE_IDENTIFIER = com.arinakcura.HomeMeal;
				PRODUCT_NAME = "$(TARGET_NAME)";
				SWIFT_VERSION = 5.0;
				TARGETED_DEVICE_FAMILY = 1;
			};
			name = Debug;
		};
		1532331822CBD3FB006FA824 /* Release */ = {
			isa = XCBuildConfiguration;
			baseConfigurationReference = 011F3899FD613E3B2CB3FFD7 /* Pods-HomeMeal.release.xcconfig */;
			buildSettings = {
				ASSETCATALOG_COMPILER_APPICON_NAME = AppIcon;
				CODE_SIGN_ENTITLEMENTS = HomeMeal/HomeMeal.entitlements;
				CODE_SIGN_STYLE = Automatic;
				DEBUG_INFORMATION_FORMAT = "dwarf-with-dsym";
				DEVELOPMENT_TEAM = 3WTKT6YPLW;
				INFOPLIST_FILE = HomeMeal/Info.plist;
				IPHONEOS_DEPLOYMENT_TARGET = 11.0;
				LD_RUNPATH_SEARCH_PATHS = (
					"$(inherited)",
					"@executable_path/Frameworks",
				);
				PRODUCT_BUNDLE_IDENTIFIER = com.arinakcura.HomeMeal;
				PRODUCT_NAME = "$(TARGET_NAME)";
				SWIFT_VERSION = 5.0;
				TARGETED_DEVICE_FAMILY = 1;
			};
			name = Release;
		};
/* End XCBuildConfiguration section */

/* Begin XCConfigurationList section */
		153232FF22CBD3F9006FA824 /* Build configuration list for PBXProject "HomeMeal" */ = {
			isa = XCConfigurationList;
			buildConfigurations = (
				1532331422CBD3FB006FA824 /* Debug */,
				1532331522CBD3FB006FA824 /* Release */,
			);
			defaultConfigurationIsVisible = 0;
			defaultConfigurationName = Release;
		};
		1532331622CBD3FB006FA824 /* Build configuration list for PBXNativeTarget "HomeMeal" */ = {
			isa = XCConfigurationList;
			buildConfigurations = (
				1532331722CBD3FB006FA824 /* Debug */,
				1532331822CBD3FB006FA824 /* Release */,
			);
			defaultConfigurationIsVisible = 0;
			defaultConfigurationName = Release;
		};
/* End XCConfigurationList section */
	};
	rootObject = 153232FC22CBD3F9006FA824 /* Project object */;
}
