// !$*UTF8*$!
{
	archiveVersion = 1;
	classes = {
	};
	objectVersion = 50;
	objects = {

/* Begin PBXBuildFile section */
		1532330822CBD3F9006FA824 /* AppDelegate.swift in Sources */ = {isa = PBXBuildFile; fileRef = 1532330722CBD3F9006FA824 /* AppDelegate.swift */; };
		1532330A22CBD3F9006FA824 /* ViewController.swift in Sources */ = {isa = PBXBuildFile; fileRef = 1532330922CBD3F9006FA824 /* ViewController.swift */; };
		1532330D22CBD3F9006FA824 /* Main.storyboard in Resources */ = {isa = PBXBuildFile; fileRef = 1532330B22CBD3F9006FA824 /* Main.storyboard */; };
		1532330F22CBD3FB006FA824 /* Assets.xcassets in Resources */ = {isa = PBXBuildFile; fileRef = 1532330E22CBD3FB006FA824 /* Assets.xcassets */; };
		1532331222CBD3FB006FA824 /* LaunchScreen.storyboard in Resources */ = {isa = PBXBuildFile; fileRef = 1532331022CBD3FB006FA824 /* LaunchScreen.storyboard */; };
		1532331F22CDD620006FA824 /* GoogleService-Info.plist in Resources */ = {isa = PBXBuildFile; fileRef = 1532331E22CDD620006FA824 /* GoogleService-Info.plist */; };
		236642D1E05BD653FEEEE6F0 /* Pods_HomeMeal.framework in Frameworks */ = {isa = PBXBuildFile; fileRef = 2292E495DF951F8055F3D92F /* Pods_HomeMeal.framework */; };
/* End PBXBuildFile section */

/* Begin PBXFileReference section */
		011F3899FD613E3B2CB3FFD7 /* Pods-HomeMeal.release.xcconfig */ = {isa = PBXFileReference; includeInIndex = 1; lastKnownFileType = text.xcconfig; name = "Pods-HomeMeal.release.xcconfig"; path = "Pods/Target Support Files/Pods-HomeMeal/Pods-HomeMeal.release.xcconfig"; sourceTree = "<group>"; };
		1532330422CBD3F9006FA824 /* HomeMeal.app */ = {isa = PBXFileReference; explicitFileType = wrapper.application; includeInIndex = 0; path = HomeMeal.app; sourceTree = BUILT_PRODUCTS_DIR; };
		1532330722CBD3F9006FA824 /* AppDelegate.swift */ = {isa = PBXFileReference; lastKnownFileType = sourcecode.swift; path = AppDelegate.swift; sourceTree = "<group>"; };
		1532330922CBD3F9006FA824 /* ViewController.swift */ = {isa = PBXFileReference; lastKnownFileType = sourcecode.swift; path = ViewController.swift; sourceTree = "<group>"; };
		1532330C22CBD3F9006FA824 /* Base */ = {isa = PBXFileReference; lastKnownFileType = file.storyboard; name = Base; path = Base.lproj/Main.storyboard; sourceTree = "<group>"; };
		1532330E22CBD3FB006FA824 /* Assets.xcassets */ = {isa = PBXFileReference; lastKnownFileType = folder.assetcatalog; path = Assets.xcassets; sourceTree = "<group>"; };
		1532331122CBD3FB006FA824 /* Base */ = {isa = PBXFileReference; lastKnownFileType = file.storyboard; name = Base; path = Base.lproj/LaunchScreen.storyboard; sourceTree = "<group>"; };
		1532331922CBD4FC006FA824 /* HomeMeal.entitlements */ = {isa = PBXFileReference; lastKnownFileType = text.plist.entitlements; path = HomeMeal.entitlements; sourceTree = "<group>"; };
		1532331C22CBD66D006FA824 /* Info.plist */ = {isa = PBXFileReference; fileEncoding = 4; lastKnownFileType = text.plist.xml; path = Info.plist; sourceTree = "<group>"; };
		1532331E22CDD620006FA824 /* GoogleService-Info.plist */ = {isa = PBXFileReference; fileEncoding = 4; lastKnownFileType = text.plist.xml; path = "GoogleService-Info.plist"; sourceTree = "<group>"; };
		2292E495DF951F8055F3D92F /* Pods_HomeMeal.framework */ = {isa = PBXFileReference; explicitFileType = wrapper.framework; includeInIndex = 0; path = Pods_HomeMeal.framework; sourceTree = BUILT_PRODUCTS_DIR; };
		D145FF9B35BC8921FB64F2A2 /* Pods-HomeMeal.debug.xcconfig */ = {isa = PBXFileReference; includeInIndex = 1; lastKnownFileType = text.xcconfig; name = "Pods-HomeMeal.debug.xcconfig"; path = "Pods/Target Support Files/Pods-HomeMeal/Pods-HomeMeal.debug.xcconfig"; sourceTree = "<group>"; };
/* End PBXFileReference section */

/* Begin PBXFrameworksBuildPhase section */
		1532330122CBD3F9006FA824 /* Frameworks */ = {
			isa = PBXFrameworksBuildPhase;
			buildActionMask = 2147483647;
			files = (
				236642D1E05BD653FEEEE6F0 /* Pods_HomeMeal.framework in Frameworks */,
			);
			runOnlyForDeploymentPostprocessing = 0;
		};
/* End PBXFrameworksBuildPhase section */

/* Begin PBXGroup section */
		153232FB22CBD3F9006FA824 = {
			isa = PBXGroup;
			children = (
				1532330622CBD3F9006FA824 /* HomeMeal */,
				1532330522CBD3F9006FA824 /* Products */,
				473FC37157CB5355725FA7E8 /* Pods */,
				D18F6AB73C20580965BFB8AD /* Frameworks */,
			);
			sourceTree = "<group>";
		};
		1532330522CBD3F9006FA824 /* Products */ = {
			isa = PBXGroup;
			children = (
				1532330422CBD3F9006FA824 /* HomeMeal.app */,
			);
			name = Products;
			sourceTree = "<group>";
		};
		1532330622CBD3F9006FA824 /* HomeMeal */ = {
			isa = PBXGroup;
			children = (
				1532331922CBD4FC006FA824 /* HomeMeal.entitlements */,
				1532331E22CDD620006FA824 /* GoogleService-Info.plist */,
				1532331C22CBD66D006FA824 /* Info.plist */,
				1532330722CBD3F9006FA824 /* AppDelegate.swift */,
				1532330922CBD3F9006FA824 /* ViewController.swift */,
				1532330B22CBD3F9006FA824 /* Main.storyboard */,
				1532330E22CBD3FB006FA824 /* Assets.xcassets */,
				1532331022CBD3FB006FA824 /* LaunchScreen.storyboard */,
			);
			path = HomeMeal;
			sourceTree = "<group>";
		};
		473FC37157CB5355725FA7E8 /* Pods */ = {
			isa = PBXGroup;
			children = (
				D145FF9B35BC8921FB64F2A2 /* Pods-HomeMeal.debug.xcconfig */,
				011F3899FD613E3B2CB3FFD7 /* Pods-HomeMeal.release.xcconfig */,
			);
			name = Pods;
			sourceTree = "<group>";
		};
		D18F6AB73C20580965BFB8AD /* Frameworks */ = {
			isa = PBXGroup;
			children = (
				2292E495DF951F8055F3D92F /* Pods_HomeMeal.framework */,
			);
			name = Frameworks;
			sourceTree = "<group>";
		};
/* End PBXGroup section */

/* Begin PBXNativeTarget section */
		1532330322CBD3F9006FA824 /* HomeMeal */ = {
			isa = PBXNativeTarget;
			buildConfigurationList = 1532331622CBD3FB006FA824 /* Build configuration list for PBXNativeTarget "HomeMeal" */;
			buildPhases = (
				B8FAAC2D837287634835E0D7 /* [CP] Check Pods Manifest.lock */,
				1532330022CBD3F9006FA824 /* Sources */,
				1532330122CBD3F9006FA824 /* Frameworks */,
				1532330222CBD3F9006FA824 /* Resources */,
				D832407966C1398CC0B4A107 /* [CP] Embed Pods Frameworks */,
			);
			buildRules = (
			);
			dependencies = (
			);
			name = HomeMeal;
			productName = HomeMeal;
			productReference = 1532330422CBD3F9006FA824 /* HomeMeal.app */;
			productType = "com.apple.product-type.application";
		};
/* End PBXNativeTarget section */

/* Begin PBXProject section */
		153232FC22CBD3F9006FA824 /* Project object */ = {
			isa = PBXProject;
			attributes = {
				LastSwiftUpdateCheck = 1020;
				LastUpgradeCheck = 1020;
				ORGANIZATIONNAME = "Arin Akcura";
				TargetAttributes = {
					1532330322CBD3F9006FA824 = {
						CreatedOnToolsVersion = 10.2.1;
						SystemCapabilities = {
							com.apple.BackgroundModes = {
								enabled = 1;
							};
							com.apple.Push = {
								enabled = 1;
							};
						};
					};
				};
			};
			buildConfigurationList = 153232FF22CBD3F9006FA824 /* Build configuration list for PBXProject "HomeMeal" */;
			compatibilityVersion = "Xcode 9.3";
			developmentRegion = en;
			hasScannedForEncodings = 0;
			knownRegions = (
				en,
				Base,
			);
			mainGroup = 153232FB22CBD3F9006FA824;
			productRefGroup = 1532330522CBD3F9006FA824 /* Products */;
			projectDirPath = "";
			projectRoot = "";
			targets = (
				1532330322CBD3F9006FA824 /* HomeMeal */,
			);
		};
/* End PBXProject section */

/* Begin PBXResourcesBuildPhase section */
		1532330222CBD3F9006FA824 /* Resources */ = {
			isa = PBXResourcesBuildPhase;
			buildActionMask = 2147483647;
			files = (
				1532331222CBD3FB006FA824 /* LaunchScreen.storyboard in Resources */,
				1532331F22CDD620006FA824 /* GoogleService-Info.plist in Resources */,
				1532330F22CBD3FB006FA824 /* Assets.xcassets in Resources */,
				1532330D22CBD3F9006FA824 /* Main.storyboard in Resources */,
			);
			runOnlyForDeploymentPostprocessing = 0;
		};
/* End PBXResourcesBuildPhase section */

/* Begin PBXShellScriptBuildPhase section */
		B8FAAC2D837287634835E0D7 /* [CP] Check Pods Manifest.lock */ = {
			isa = PBXShellScriptBuildPhase;
			buildActionMask = 2147483647;
			files = (
			);
			inputPaths = (
				"${PODS_PODFILE_DIR_PATH}/Podfile.lock",
				"${PODS_ROOT}/Manifest.lock",
			);
			name = "[CP] Check Pods Manifest.lock";
			outputPaths = (
				"$(DERIVED_FILE_DIR)/Pods-HomeMeal-checkManifestLockResult.txt",
			);
			runOnlyForDeploymentPostprocessing = 0;
			shellPath = /bin/sh;
			shellScript = "diff \"${PODS_PODFILE_DIR_PATH}/Podfile.lock\" \"${PODS_ROOT}/Manifest.lock\" > /dev/null\nif [ $? != 0 ] ; then\n    # print error to STDERR\n    echo \"error: The sandbox is not in sync with the Podfile.lock. Run 'pod install' or update your CocoaPods installation.\" >&2\n    exit 1\nfi\n# This output is used by Xcode 'outputs' to avoid re-running this script phase.\necho \"SUCCESS\" > \"${SCRIPT_OUTPUT_FILE_0}\"\n";
			showEnvVarsInLog = 0;
		};
		D832407966C1398CC0B4A107 /* [CP] Embed Pods Frameworks */ = {
			isa = PBXShellScriptBuildPhase;
			buildActionMask = 2147483647;
			files = (
			);
			inputPaths = (
				"${SRCROOT}/Pods/Target Support Files/Pods-HomeMeal/Pods-HomeMeal-frameworks.sh",
				"${BUILT_PRODUCTS_DIR}/GoogleUtilities/GoogleUtilities.framework",
				"${BUILT_PRODUCTS_DIR}/IQKeyboardManagerSwift/IQKeyboardManagerSwift.framework",
				"${BUILT_PRODUCTS_DIR}/SDWebImage/SDWebImage.framework",
				"${BUILT_PRODUCTS_DIR}/nanopb/nanopb.framework",
			);
			name = "[CP] Embed Pods Frameworks";
			outputPaths = (
				"${TARGET_BUILD_DIR}/${FRAMEWORKS_FOLDER_PATH}/GoogleUtilities.framework",
				"${TARGET_BUILD_DIR}/${FRAMEWORKS_FOLDER_PATH}/IQKeyboardManagerSwift.framework",
				"${TARGET_BUILD_DIR}/${FRAMEWORKS_FOLDER_PATH}/SDWebImage.framework",
				"${TARGET_BUILD_DIR}/${FRAMEWORKS_FOLDER_PATH}/nanopb.framework",
			);
			runOnlyForDeploymentPostprocessing = 0;
			shellPath = /bin/sh;
			shellScript = "\"${SRCROOT}/Pods/Target Support Files/Pods-HomeMeal/Pods-HomeMeal-frameworks.sh\"\n";
			showEnvVarsInLog = 0;
		};
/* End PBXShellScriptBuildPhase section */

/* Begin PBXSourcesBuildPhase section */
		1532330022CBD3F9006FA824 /* Sources */ = {
			isa = PBXSourcesBuildPhase;
			buildActionMask = 2147483647;
			files = (
				1532330A22CBD3F9006FA824 /* ViewController.swift in Sources */,
				1532330822CBD3F9006FA824 /* AppDelegate.swift in Sources */,
			);
			runOnlyForDeploymentPostprocessing = 0;
		};
/* End PBXSourcesBuildPhase section */

/* Begin PBXVariantGroup section */
		1532330B22CBD3F9006FA824 /* Main.storyboard */ = {
			isa = PBXVariantGroup;
			children = (
				1532330C22CBD3F9006FA824 /* Base */,
			);
			name = Main.storyboard;
			sourceTree = "<group>";
		};
		1532331022CBD3FB006FA824 /* LaunchScreen.storyboard */ = {
			isa = PBXVariantGroup;
			children = (
				1532331122CBD3FB006FA824 /* Base */,
			);
			name = LaunchScreen.storyboard;
			sourceTree = "<group>";
		};
/* End PBXVariantGroup section */

/* Begin XCBuildConfiguration section */
		1532331422CBD3FB006FA824 /* Debug */ = {
			isa = XCBuildConfiguration;
			buildSettings = {
				ALWAYS_SEARCH_USER_PATHS = NO;
				CLANG_ANALYZER_NONNULL = YES;
				CLANG_ANALYZER_NUMBER_OBJECT_CONVERSION = YES_AGGRESSIVE;
				CLANG_CXX_LANGUAGE_STANDARD = "gnu++14";
				CLANG_CXX_LIBRARY = "libc++";
				CLANG_ENABLE_MODULES = YES;
				CLANG_ENABLE_OBJC_ARC = YES;
				CLANG_ENABLE_OBJC_WEAK = YES;
				CLANG_WARN_BLOCK_CAPTURE_AUTORELEASING = YES;
				CLANG_WARN_BOOL_CONVERSION = YES;
				CLANG_WARN_COMMA = YES;
				CLANG_WARN_CONSTANT_CONVERSION = YES;
				CLANG_WARN_DEPRECATED_OBJC_IMPLEMENTATIONS = YES;
				CLANG_WARN_DIRECT_OBJC_ISA_USAGE = YES_ERROR;
				CLANG_WARN_DOCUMENTATION_COMMENTS = YES;
				CLANG_WARN_EMPTY_BODY = YES;
				CLANG_WARN_ENUM_CONVERSION = YES;
				CLANG_WARN_INFINITE_RECURSION = YES;
				CLANG_WARN_INT_CONVERSION = YES;
				CLANG_WARN_NON_LITERAL_NULL_CONVERSION = YES;
				CLANG_WARN_OBJC_IMPLICIT_RETAIN_SELF = YES;
				CLANG_WARN_OBJC_LITERAL_CONVERSION = YES;
				CLANG_WARN_OBJC_ROOT_CLASS = YES_ERROR;
				CLANG_WARN_RANGE_LOOP_ANALYSIS = YES;
				CLANG_WARN_STRICT_PROTOTYPES = YES;
				CLANG_WARN_SUSPICIOUS_MOVE = YES;
				CLANG_WARN_UNGUARDED_AVAILABILITY = YES_AGGRESSIVE;
				CLANG_WARN_UNREACHABLE_CODE = YES;
				CLANG_WARN__DUPLICATE_METHOD_MATCH = YES;
				CODE_SIGN_IDENTITY = "iPhone Developer";
				COPY_PHASE_STRIP = NO;
				DEBUG_INFORMATION_FORMAT = dwarf;
				ENABLE_STRICT_OBJC_MSGSEND = YES;
				ENABLE_TESTABILITY = YES;
				GCC_C_LANGUAGE_STANDARD = gnu11;
				GCC_DYNAMIC_NO_PIC = NO;
				GCC_NO_COMMON_BLOCKS = YES;
				GCC_OPTIMIZATION_LEVEL = 0;
				GCC_PREPROCESSOR_DEFINITIONS = (
					"DEBUG=1",
					"$(inherited)",
				);
				GCC_WARN_64_TO_32_BIT_CONVERSION = YES;
				GCC_WARN_ABOUT_RETURN_TYPE = YES_ERROR;
				GCC_WARN_UNDECLARED_SELECTOR = YES;
				GCC_WARN_UNINITIALIZED_AUTOS = YES_AGGRESSIVE;
				GCC_WARN_UNUSED_FUNCTION = YES;
				GCC_WARN_UNUSED_VARIABLE = YES;
				IPHONEOS_DEPLOYMENT_TARGET = 12.2;
				MTL_ENABLE_DEBUG_INFO = INCLUDE_SOURCE;
				MTL_FAST_MATH = YES;
				ONLY_ACTIVE_ARCH = YES;
				SDKROOT = iphoneos;
				SWIFT_ACTIVE_COMPILATION_CONDITIONS = DEBUG;
				SWIFT_OPTIMIZATION_LEVEL = "-Onone";
			};
			name = Debug;
		};
		1532331522CBD3FB006FA824 /* Release */ = {
			isa = XCBuildConfiguration;
			buildSettings = {
				ALWAYS_SEARCH_USER_PATHS = NO;
				CLANG_ANALYZER_NONNULL = YES;
				CLANG_ANALYZER_NUMBER_OBJECT_CONVERSION = YES_AGGRESSIVE;
				CLANG_CXX_LANGUAGE_STANDARD = "gnu++14";
				CLANG_CXX_LIBRARY = "libc++";
				CLANG_ENABLE_MODULES = YES;
				CLANG_ENABLE_OBJC_ARC = YES;
				CLANG_ENABLE_OBJC_WEAK = YES;
				CLANG_WARN_BLOCK_CAPTURE_AUTORELEASING = YES;
				CLANG_WARN_BOOL_CONVERSION = YES;
				CLANG_WARN_COMMA = YES;
				CLANG_WARN_CONSTANT_CONVERSION = YES;
				CLANG_WARN_DEPRECATED_OBJC_IMPLEMENTATIONS = YES;
				CLANG_WARN_DIRECT_OBJC_ISA_USAGE = YES_ERROR;
				CLANG_WARN_DOCUMENTATION_COMMENTS = YES;
				CLANG_WARN_EMPTY_BODY = YES;
				CLANG_WARN_ENUM_CONVERSION = YES;
				CLANG_WARN_INFINITE_RECURSION = YES;
				CLANG_WARN_INT_CONVERSION = YES;
				CLANG_WARN_NON_LITERAL_NULL_CONVERSION = YES;
				CLANG_WARN_OBJC_IMPLICIT_RETAIN_SELF = YES;
				CLANG_WARN_OBJC_LITERAL_CONVERSION = YES;
				CLANG_WARN_OBJC_ROOT_CLASS = YES_ERROR;
				CLANG_WARN_RANGE_LOOP_ANALYSIS = YES;
				CLANG_WARN_STRICT_PROTOTYPES = YES;
				CLANG_WARN_SUSPICIOUS_MOVE = YES;
				CLANG_WARN_UNGUARDED_AVAILABILITY = YES_AGGRESSIVE;
				CLANG_WARN_UNREACHABLE_CODE = YES;
				CLANG_WARN__DUPLICATE_METHOD_MATCH = YES;
				CODE_SIGN_IDENTITY = "iPhone Developer";
				COPY_PHASE_STRIP = NO;
				DEBUG_INFORMATION_FORMAT = "dwarf-with-dsym";
				ENABLE_NS_ASSERTIONS = NO;
				ENABLE_STRICT_OBJC_MSGSEND = YES;
				GCC_C_LANGUAGE_STANDARD = gnu11;
				GCC_NO_COMMON_BLOCKS = YES;
				GCC_WARN_64_TO_32_BIT_CONVERSION = YES;
				GCC_WARN_ABOUT_RETURN_TYPE = YES_ERROR;
				GCC_WARN_UNDECLARED_SELECTOR = YES;
				GCC_WARN_UNINITIALIZED_AUTOS = YES_AGGRESSIVE;
				GCC_WARN_UNUSED_FUNCTION = YES;
				GCC_WARN_UNUSED_VARIABLE = YES;
				IPHONEOS_DEPLOYMENT_TARGET = 12.2;
				MTL_ENABLE_DEBUG_INFO = NO;
				MTL_FAST_MATH = YES;
				SDKROOT = iphoneos;
				SWIFT_COMPILATION_MODE = wholemodule;
				SWIFT_OPTIMIZATION_LEVEL = "-O";
				VALIDATE_PRODUCT = YES;
			};
			name = Release;
		};
		1532331722CBD3FB006FA824 /* Debug */ = {
			isa = XCBuildConfiguration;
			baseConfigurationReference = D145FF9B35BC8921FB64F2A2 /* Pods-HomeMeal.debug.xcconfig */;
			buildSettings = {
				ASSETCATALOG_COMPILER_APPICON_NAME = AppIcon;
				CODE_SIGN_ENTITLEMENTS = HomeMeal/HomeMeal.entitlements;
				CODE_SIGN_STYLE = Automatic;
				DEVELOPMENT_TEAM = 3WTKT6YPLW;
				INFOPLIST_FILE = HomeMeal/Info.plist;
				IPHONEOS_DEPLOYMENT_TARGET = 11.0;
				LD_RUNPATH_SEARCH_PATHS = (
					"$(inherited)",
					"@executable_path/Frameworks",
				);
				PRODUCT_BUNDLE_IDENTIFIER = com.arinakcura.HomeMeal;
				PRODUCT_NAME = "$(TARGET_NAME)";
				SWIFT_VERSION = 5.0;
				TARGETED_DEVICE_FAMILY = 1;
			};
			name = Debug;
		};
		1532331822CBD3FB006FA824 /* Release */ = {
			isa = XCBuildConfiguration;
			baseConfigurationReference = 011F3899FD613E3B2CB3FFD7 /* Pods-HomeMeal.release.xcconfig */;
			buildSettings = {
				ASSETCATALOG_COMPILER_APPICON_NAME = AppIcon;
				CODE_SIGN_ENTITLEMENTS = HomeMeal/HomeMeal.entitlements;
				CODE_SIGN_STYLE = Automatic;
				DEVELOPMENT_TEAM = 3WTKT6YPLW;
				INFOPLIST_FILE = HomeMeal/Info.plist;
				IPHONEOS_DEPLOYMENT_TARGET = 11.0;
				LD_RUNPATH_SEARCH_PATHS = (
					"$(inherited)",
					"@executable_path/Frameworks",
				);
				PRODUCT_BUNDLE_IDENTIFIER = com.arinakcura.HomeMeal;
				PRODUCT_NAME = "$(TARGET_NAME)";
				SWIFT_VERSION = 5.0;
				TARGETED_DEVICE_FAMILY = 1;
			};
			name = Release;
		};
/* End XCBuildConfiguration section */

/* Begin XCConfigurationList section */
		153232FF22CBD3F9006FA824 /* Build configuration list for PBXProject "HomeMeal" */ = {
			isa = XCConfigurationList;
			buildConfigurations = (
				1532331422CBD3FB006FA824 /* Debug */,
				1532331522CBD3FB006FA824 /* Release */,
			);
			defaultConfigurationIsVisible = 0;
			defaultConfigurationName = Release;
		};
		1532331622CBD3FB006FA824 /* Build configuration list for PBXNativeTarget "HomeMeal" */ = {
			isa = XCConfigurationList;
			buildConfigurations = (
				1532331722CBD3FB006FA824 /* Debug */,
				1532331822CBD3FB006FA824 /* Release */,
			);
			defaultConfigurationIsVisible = 0;
			defaultConfigurationName = Release;
		};
/* End XCConfigurationList section */
	};
	rootObject = 153232FC22CBD3F9006FA824 /* Project object */;
}
